
Microsoft Visual Studio Solution File, Format Version 11.00
# Visual Studio 2010
Project("{FAE04EC0-301F-11D3-BF4B-00C04F79EFBC}") = "Assembly-CSharp", "Assembly-CSharp.csproj", "{613cbc46-6dd6-0202-6e92-ebc025027b23}"
EndProject
Project("{FAE04EC0-301F-11D3-BF4B-00C04F79EFBC}") = "InputSystem.Samples.Visualizers", "InputSystem.Samples.Visualizers.csproj", "{aeda50de-4db5-1308-5b0e-bff8c2075b42}"
EndProject
Project("{FAE04EC0-301F-11D3-BF4B-00C04F79EFBC}") = "Unity.InputSystem.RebindingUI", "Unity.InputSystem.RebindingUI.csproj", "{b59a4798-a0cd-112e-12d3-5aa66d0b7fb6}"
EndProject
Project("{FAE04EC0-301F-11D3-BF4B-00C04F79EFBC}") = "Unity.InputSystem.Recorder", "Unity.InputSystem.Recorder.csproj", "{501ea7e3-0086-5958-2449-0e34363158c8}"
EndProject
Project("{FAE04EC0-301F-11D3-BF4B-00C04F79EFBC}") = "Unity.InputSystem.InGameHints", "Unity.InputSystem.InGameHints.csproj", "{9416e216-210f-04e5-db28-6bce5dc873f3}"
EndProject
Project("{FAE04EC0-301F-11D3-BF4B-00C04F79EFBC}") = "UnityEngine.InputSystem.Samples.UIvsGameInput", "UnityEngine.InputSystem.Samples.UIvsGameInput.csproj", "{31906c60-c286-f46f-f3a4-d14147ab8a85}"
EndProject
Global
	GlobalSection(SolutionConfigurationPlatforms) = preSolution
		Debug|Any CPU = Debug|Any CPU
	EndGlobalSection
	GlobalSection(ProjectConfigurationPlatforms) = postSolution
		{613cbc46-6dd6-0202-6e92-ebc025027b23}.Debug|Any CPU.ActiveCfg = Debug|Any CPU
		{613cbc46-6dd6-0202-6e92-ebc025027b23}.Debug|Any CPU.Build.0 = Debug|Any CPU
		{aeda50de-4db5-1308-5b0e-bff8c2075b42}.Debug|Any CPU.ActiveCfg = Debug|Any CPU
		{aeda50de-4db5-1308-5b0e-bff8c2075b42}.Debug|Any CPU.Build.0 = Debug|Any CPU
		{b59a4798-a0cd-112e-12d3-5aa66d0b7fb6}.Debug|Any CPU.ActiveCfg = Debug|Any CPU
		{b59a4798-a0cd-112e-12d3-5aa66d0b7fb6}.Debug|Any CPU.Build.0 = Debug|Any CPU
		{501ea7e3-0086-5958-2449-0e34363158c8}.Debug|Any CPU.ActiveCfg = Debug|Any CPU
		{501ea7e3-0086-5958-2449-0e34363158c8}.Debug|Any CPU.Build.0 = Debug|Any CPU
		{9416e216-210f-04e5-db28-6bce5dc873f3}.Debug|Any CPU.ActiveCfg = Debug|Any CPU
		{9416e216-210f-04e5-db28-6bce5dc873f3}.Debug|Any CPU.Build.0 = Debug|Any CPU
		{31906c60-c286-f46f-f3a4-d14147ab8a85}.Debug|Any CPU.ActiveCfg = Debug|Any CPU
		{31906c60-c286-f46f-f3a4-d14147ab8a85}.Debug|Any CPU.Build.0 = Debug|Any CPU
	EndGlobalSection
	GlobalSection(SolutionProperties) = preSolution
		HideSolutionNode = FALSE
	EndGlobalSection
EndGlobal
